
Microsoft Visual Studio Solution File, Format Version 12.00
# Visual Studio Version 16
VisualStudioVersion = 16.0.31410.357
MinimumVisualStudioVersion = 10.0.40219.1
Project("{FAE04EC0-301F-11D3-BF4B-00C04F79EFBC}") = "CoreRest", "CoreRest\CoreRest.csproj", "{D3139BE5-05DC-4FFC-8CD6-6C3D98E6A6B8}"
EndProject
Global
	GlobalSection(SolutionConfigurationPlatforms) = preSolution
		Debug|Any CPU = Debug|Any CPU
		Release|Any CPU = Release|Any CPU
	EndGlobalSection
	GlobalSection(ProjectConfigurationPlatforms) = postSolution
		{D3139BE5-05DC-4FFC-8CD6-6C3D98E6A6B8}.Debug|Any CPU.ActiveCfg = Debug|Any CPU
		{D3139BE5-05DC-4FFC-8CD6-6C3D98E6A6B8}.Debug|Any CPU.Build.0 = Debug|Any CPU
		{D3139BE5-05DC-4FFC-8CD6-6C3D98E6A6B8}.Release|Any CPU.ActiveCfg = Release|Any CPU
		{D3139BE5-05DC-4FFC-8CD6-6C3D98E6A6B8}.Release|Any CPU.Build.0 = Release|Any CPU
	EndGlobalSection
	GlobalSection(SolutionProperties) = preSolution
		HideSolutionNode = FALSE
	EndGlobalSection
	GlobalSection(ExtensibilityGlobals) = postSolution
		SolutionGuid = {2FC97FC7-3286-4DE0-BC33-D4BA4591BF98}
	EndGlobalSection
EndGlobal
